
Microsoft Visual Studio Solution File, Format Version 12.00
# Visual Studio Version 16
VisualStudioVersion = 16.0.32929.386
MinimumVisualStudioVersion = 10.0.40219.1
Project("{FAE04EC0-301F-11D3-BF4B-00C04F79EFBC}") = "Bootieshop", "Bootieshop\Bootieshop.csproj", "{91ED27E7-47B6-4CA1-BD68-72DC22BA7A39}"
EndProject
Global
	GlobalSection(SolutionConfigurationPlatforms) = preSolution
		Debug|Any CPU = Debug|Any CPU
		Release|Any CPU = Release|Any CPU
	EndGlobalSection
	GlobalSection(ProjectConfigurationPlatforms) = postSolution
		{91ED27E7-47B6-4CA1-BD68-72DC22BA7A39}.Debug|Any CPU.ActiveCfg = Debug|Any CPU
		{91ED27E7-47B6-4CA1-BD68-72DC22BA7A39}.Debug|Any CPU.Build.0 = Debug|Any CPU
		{91ED27E7-47B6-4CA1-BD68-72DC22BA7A39}.Release|Any CPU.ActiveCfg = Release|Any CPU
		{91ED27E7-47B6-4CA1-BD68-72DC22BA7A39}.Release|Any CPU.Build.0 = Release|Any CPU
	EndGlobalSection
	GlobalSection(SolutionProperties) = preSolution
		HideSolutionNode = FALSE
	EndGlobalSection
	GlobalSection(ExtensibilityGlobals) = postSolution
		SolutionGuid = {69577EE7-F9F0-4EB6-9782-475BD800FD48}
	EndGlobalSection
EndGlobal
